
Microsoft Visual Studio Solution File, Format Version 12.00
Project("{FAE04EC0-301F-11D3-BF4B-00C04F79EFBC}") = "m1Chat", "m1Chat\m1Chat\m1Chat.csproj", "{564A4E2B-AAFE-49E9-A680-B1E01726935B}"
EndProject
Project("{FAE04EC0-301F-11D3-BF4B-00C04F79EFBC}") = "m1Chat.Client", "m1Chat\m1Chat.Client\m1Chat.Client.csproj", "{1299B65E-83F3-47F5-8DEE-511824D4D310}"
EndProject
Global
	GlobalSection(SolutionConfigurationPlatforms) = preSolution
		Debug|Any CPU = Debug|Any CPU
		Release|Any CPU = Release|Any CPU
	EndGlobalSection
	GlobalSection(ProjectConfigurationPlatforms) = postSolution
		{564A4E2B-AAFE-49E9-A680-B1E01726935B}.Debug|Any CPU.ActiveCfg = Debug|Any CPU
		{564A4E2B-AAFE-49E9-A680-B1E01726935B}.Debug|Any CPU.Build.0 = Debug|Any CPU
		{564A4E2B-AAFE-49E9-A680-B1E01726935B}.Release|Any CPU.ActiveCfg = Release|Any CPU
		{564A4E2B-AAFE-49E9-A680-B1E01726935B}.Release|Any CPU.Build.0 = Release|Any CPU
		{1299B65E-83F3-47F5-8DEE-511824D4D310}.Debug|Any CPU.ActiveCfg = Debug|Any CPU
		{1299B65E-83F3-47F5-8DEE-511824D4D310}.Debug|Any CPU.Build.0 = Debug|Any CPU
		{1299B65E-83F3-47F5-8DEE-511824D4D310}.Release|Any CPU.ActiveCfg = Release|Any CPU
		{1299B65E-83F3-47F5-8DEE-511824D4D310}.Release|Any CPU.Build.0 = Release|Any CPU
	EndGlobalSection
EndGlobal
